
Microsoft Visual Studio Solution File, Format Version 12.00
# Visual Studio Version 17
VisualStudioVersion = 17.10.34607.79
MinimumVisualStudioVersion = 10.0.40219.1
Project("{9A19103F-16F7-4668-BE54-9A1E7A4F7556}") = "APRS_MQTT", "APRS_MQTT.csproj", "{180FEBB6-902A-4EDB-9603-08F0E5107DA2}"
EndProject
Global
	GlobalSection(SolutionConfigurationPlatforms) = preSolution
		Debug|Any CPU = Debug|Any CPU
		Release|Any CPU = Release|Any CPU
	EndGlobalSection
	GlobalSection(ProjectConfigurationPlatforms) = postSolution
		{180FEBB6-902A-4EDB-9603-08F0E5107DA2}.Debug|Any CPU.ActiveCfg = Debug|Any CPU
		{180FEBB6-902A-4EDB-9603-08F0E5107DA2}.Debug|Any CPU.Build.0 = Debug|Any CPU
		{180FEBB6-902A-4EDB-9603-08F0E5107DA2}.Release|Any CPU.ActiveCfg = Release|Any CPU
		{180FEBB6-902A-4EDB-9603-08F0E5107DA2}.Release|Any CPU.Build.0 = Release|Any CPU
	EndGlobalSection
	GlobalSection(SolutionProperties) = preSolution
		HideSolutionNode = FALSE
	EndGlobalSection
	GlobalSection(ExtensibilityGlobals) = postSolution
		SolutionGuid = {B8D607BA-EEF9-4ABB-9220-65D01CDF05F7}
	EndGlobalSection
EndGlobal
